{
  "name": "project-ex02",
  "version": "1.0.0",
  "lockfileVersion": 2,
  "requires": true,
  "packages": {
    "": {
      "name": "project-ex02",
      "version": "1.0.0",
      "license": "ISC",
      "dependencies": {
        "douzone-bipa-math": "^1.0.1",
        "kickscar-calculate": "^1.0.0"
      }
    },
    "../douzone-bipa-math": {
      "version": "1.0.1",
      "extraneous": true,
      "license": "ISC"
    },
    "node_modules/douzone-bipa-math": {
      "version": "1.0.1",
      "resolved": "https://registry.npmjs.org/douzone-bipa-math/-/douzone-bipa-math-1.0.1.tgz",
      "integrity": "sha512-ezb2hqYcvfkMhejzgbaOrE6TvkVRPtxixblg9QPJexy+/AQlfPWAncNLKjKcYfubNlAhERpED4tBuK06zdCRqw=="
    },
    "node_modules/kickscar-calculate": {
      "version": "1.0.0",
      "resolved": "https://registry.npmjs.org/kickscar-calculate/-/kickscar-calculate-1.0.0.tgz",
      "integrity": "sha512-0cWWUzKxPNG0JMN56OcTpeXGJewPzv9GJx7hXhymjRfrBdruGKDiN8rXEKzS43LD21VfdARM1IRWlnS5+EwzOQ==",
      "dependencies": {
        "kickscar-math": "^1.0.0"
      }
    },
    "node_modules/kickscar-math": {
      "version": "1.2.0",
      "resolved": "https://registry.npmjs.org/kickscar-math/-/kickscar-math-1.2.0.tgz",
      "integrity": "sha512-7FPy8tMMHA/OTkXsmaaPkZip9HiaVEXcJxDBPeDuK2dapHNUjZPQbWqrPEuEGQ/Nz/nhbExU6Zm7aCSVEsDL+w=="
    }
  },
  "dependencies": {
    "douzone-bipa-math": {
      "version": "1.0.1",
      "resolved": "https://registry.npmjs.org/douzone-bipa-math/-/douzone-bipa-math-1.0.1.tgz",
      "integrity": "sha512-ezb2hqYcvfkMhejzgbaOrE6TvkVRPtxixblg9QPJexy+/AQlfPWAncNLKjKcYfubNlAhERpED4tBuK06zdCRqw=="
    },
    "kickscar-calculate": {
      "version": "1.0.0",
      "resolved": "https://registry.npmjs.org/kickscar-calculate/-/kickscar-calculate-1.0.0.tgz",
      "integrity": "sha512-0cWWUzKxPNG0JMN56OcTpeXGJewPzv9GJx7hXhymjRfrBdruGKDiN8rXEKzS43LD21VfdARM1IRWlnS5+EwzOQ==",
      "requires": {
        "kickscar-math": "^1.0.0"
      }
    },
    "kickscar-math": {
      "version": "1.2.0",
      "resolved": "https://registry.npmjs.org/kickscar-math/-/kickscar-math-1.2.0.tgz",
      "integrity": "sha512-7FPy8tMMHA/OTkXsmaaPkZip9HiaVEXcJxDBPeDuK2dapHNUjZPQbWqrPEuEGQ/Nz/nhbExU6Zm7aCSVEsDL+w=="
    }
  }
}
